// !$*UTF8*$!
{
	archiveVersion = 1;
	classes = {
	};
	objectVersion = 46;
	objects = {

/* Begin PBXBuildFile section */
		496BCB131C6D09820034D7C5 /* AppDelegate.swift in Sources */ = {isa = PBXBuildFile; fileRef = 496BCB121C6D09820034D7C5 /* AppDelegate.swift */; };
		496BCB151C6D09820034D7C5 /* ViewController.swift in Sources */ = {isa = PBXBuildFile; fileRef = 496BCB141C6D09820034D7C5 /* ViewController.swift */; };
		496BCB181C6D09820034D7C5 /* Main.storyboard in Resources */ = {isa = PBXBuildFile; fileRef = 496BCB161C6D09820034D7C5 /* Main.storyboard */; };
		496BCB1A1C6D09820034D7C5 /* Assets.xcassets in Resources */ = {isa = PBXBuildFile; fileRef = 496BCB191C6D09820034D7C5 /* Assets.xcassets */; };
		496BCB1D1C6D09820034D7C5 /* LaunchScreen.storyboard in Resources */ = {isa = PBXBuildFile; fileRef = 496BCB1B1C6D09820034D7C5 /* LaunchScreen.storyboard */; };
		496BCB251C6D09930034D7C5 /* HealthKit.framework in Frameworks */ = {isa = PBXBuildFile; fileRef = 496BCB241C6D09930034D7C5 /* HealthKit.framework */; };
		49A597A41C6D09F60067C0FF /* HealthManager.swift in Sources */ = {isa = PBXBuildFile; fileRef = 49A597A31C6D09F60067C0FF /* HealthManager.swift */; };
		49A597A61C6D0A270067C0FF /* Extensions.swift in Sources */ = {isa = PBXBuildFile; fileRef = 49A597A51C6D0A270067C0FF /* Extensions.swift */; };
/* End PBXBuildFile section */

/* Begin PBXFileReference section */
		496BCB0F1C6D09820034D7C5 /* AverageBPM.app */ = {isa = PBXFileReference; explicitFileType = wrapper.application; includeInIndex = 0; path = AverageBPM.app; sourceTree = BUILT_PRODUCTS_DIR; };
		496BCB121C6D09820034D7C5 /* AppDelegate.swift */ = {isa = PBXFileReference; lastKnownFileType = sourcecode.swift; path = AppDelegate.swift; sourceTree = "<group>"; };
		496BCB141C6D09820034D7C5 /* ViewController.swift */ = {isa = PBXFileReference; lastKnownFileType = sourcecode.swift; path = ViewController.swift; sourceTree = "<group>"; };
		496BCB171C6D09820034D7C5 /* Base */ = {isa = PBXFileReference; lastKnownFileType = file.storyboard; name = Base; path = Base.lproj/Main.storyboard; sourceTree = "<group>"; };
		496BCB191C6D09820034D7C5 /* Assets.xcassets */ = {isa = PBXFileReference; lastKnownFileType = folder.assetcatalog; path = Assets.xcassets; sourceTree = "<group>"; };
		496BCB1C1C6D09820034D7C5 /* Base */ = {isa = PBXFileReference; lastKnownFileType = file.storyboard; name = Base; path = Base.lproj/LaunchScreen.storyboard; sourceTree = "<group>"; };
		496BCB1E1C6D09820034D7C5 /* Info.plist */ = {isa = PBXFileReference; lastKnownFileType = text.plist.xml; path = Info.plist; sourceTree = "<group>"; };
		496BCB241C6D09930034D7C5 /* HealthKit.framework */ = {isa = PBXFileReference; lastKnownFileType = wrapper.framework; name = HealthKit.framework; path = System/Library/Frameworks/HealthKit.framework; sourceTree = SDKROOT; };
		496BCB261C6D09930034D7C5 /* AverageBPM.entitlements */ = {isa = PBXFileReference; lastKnownFileType = text.xml; path = AverageBPM.entitlements; sourceTree = "<group>"; };
		49A597A31C6D09F60067C0FF /* HealthManager.swift */ = {isa = PBXFileReference; fileEncoding = 4; lastKnownFileType = sourcecode.swift; path = HealthManager.swift; sourceTree = "<group>"; };
		49A597A51C6D0A270067C0FF /* Extensions.swift */ = {isa = PBXFileReference; fileEncoding = 4; lastKnownFileType = sourcecode.swift; path = Extensions.swift; sourceTree = "<group>"; };
/* End PBXFileReference section */

/* Begin PBXFrameworksBuildPhase section */
		496BCB0C1C6D09820034D7C5 /* Frameworks */ = {
			isa = PBXFrameworksBuildPhase;
			buildActionMask = 2147483647;
			files = (
				496BCB251C6D09930034D7C5 /* HealthKit.framework in Frameworks */,
			);
			runOnlyForDeploymentPostprocessing = 0;
		};
/* End PBXFrameworksBuildPhase section */

/* Begin PBXGroup section */
		496BCB061C6D09820034D7C5 = {
			isa = PBXGroup;
			children = (
				496BCB241C6D09930034D7C5 /* HealthKit.framework */,
				496BCB111C6D09820034D7C5 /* AverageBPM */,
				496BCB101C6D09820034D7C5 /* Products */,
			);
			sourceTree = "<group>";
		};
		496BCB101C6D09820034D7C5 /* Products */ = {
			isa = PBXGroup;
			children = (
				496BCB0F1C6D09820034D7C5 /* AverageBPM.app */,
			);
			name = Products;
			sourceTree = "<group>";
		};
		496BCB111C6D09820034D7C5 /* AverageBPM */ = {
			isa = PBXGroup;
			children = (
				496BCB121C6D09820034D7C5 /* AppDelegate.swift */,
				496BCB141C6D09820034D7C5 /* ViewController.swift */,
				49A597A31C6D09F60067C0FF /* HealthManager.swift */,
				49A597A51C6D0A270067C0FF /* Extensions.swift */,
				496BCB161C6D09820034D7C5 /* Main.storyboard */,
				496BCB271C6D09C80034D7C5 /* Supporting Files */,
			);
			path = AverageBPM;
			sourceTree = "<group>";
		};
		496BCB271C6D09C80034D7C5 /* Supporting Files */ = {
			isa = PBXGroup;
			children = (
				496BCB261C6D09930034D7C5 /* AverageBPM.entitlements */,
				496BCB191C6D09820034D7C5 /* Assets.xcassets */,
				496BCB1B1C6D09820034D7C5 /* LaunchScreen.storyboard */,
				496BCB1E1C6D09820034D7C5 /* Info.plist */,
			);
			name = "Supporting Files";
			sourceTree = "<group>";
		};
/* End PBXGroup section */

/* Begin PBXNativeTarget section */
		496BCB0E1C6D09820034D7C5 /* AverageBPM */ = {
			isa = PBXNativeTarget;
			buildConfigurationList = 496BCB211C6D09820034D7C5 /* Build configuration list for PBXNativeTarget "AverageBPM" */;
			buildPhases = (
				496BCB0B1C6D09820034D7C5 /* Sources */,
				496BCB0C1C6D09820034D7C5 /* Frameworks */,
				496BCB0D1C6D09820034D7C5 /* Resources */,
			);
			buildRules = (
			);
			dependencies = (
			);
			name = AverageBPM;
			productName = AverageBPM;
			productReference = 496BCB0F1C6D09820034D7C5 /* AverageBPM.app */;
			productType = "com.apple.product-type.application";
		};
/* End PBXNativeTarget section */

/* Begin PBXProject section */
		496BCB071C6D09820034D7C5 /* Project object */ = {
			isa = PBXProject;
			attributes = {
				LastSwiftUpdateCheck = 0720;
				LastUpgradeCheck = 0720;
				ORGANIZATIONNAME = "Bas Broek";
				TargetAttributes = {
					496BCB0E1C6D09820034D7C5 = {
						CreatedOnToolsVersion = 7.2;
						DevelopmentTeam = DS9YSG6KS8;
						SystemCapabilities = {
							com.apple.HealthKit = {
								enabled = 1;
							};
						};
					};
				};
			};
			buildConfigurationList = 496BCB0A1C6D09820034D7C5 /* Build configuration list for PBXProject "AverageBPM" */;
			compatibilityVersion = "Xcode 3.2";
			developmentRegion = English;
			hasScannedForEncodings = 0;
			knownRegions = (
				en,
				Base,
			);
			mainGroup = 496BCB061C6D09820034D7C5;
			productRefGroup = 496BCB101C6D09820034D7C5 /* Products */;
			projectDirPath = "";
			projectRoot = "";
			targets = (
				496BCB0E1C6D09820034D7C5 /* AverageBPM */,
			);
		};
/* End PBXProject section */

/* Begin PBXResourcesBuildPhase section */
		496BCB0D1C6D09820034D7C5 /* Resources */ = {
			isa = PBXResourcesBuildPhase;
			buildActionMask = 2147483647;
			files = (
				496BCB1D1C6D09820034D7C5 /* LaunchScreen.storyboard in Resources */,
				496BCB1A1C6D09820034D7C5 /* Assets.xcassets in Resources */,
				496BCB181C6D09820034D7C5 /* Main.storyboard in Resources */,
			);
			runOnlyForDeploymentPostprocessing = 0;
		};
/* End PBXResourcesBuildPhase section */

/* Begin PBXSourcesBuildPhase section */
		496BCB0B1C6D09820034D7C5 /* Sources */ = {
			isa = PBXSourcesBuildPhase;
			buildActionMask = 2147483647;
			files = (
				496BCB151C6D09820034D7C5 /* ViewController.swift in Sources */,
				49A597A41C6D09F60067C0FF /* HealthManager.swift in Sources */,
				496BCB131C6D09820034D7C5 /* AppDelegate.swift in Sources */,
				49A597A61C6D0A270067C0FF /* Extensions.swift in Sources */,
			);
			runOnlyForDeploymentPostprocessing = 0;
		};
/* End PBXSourcesBuildPhase section */

/* Begin PBXVariantGroup section */
		496BCB161C6D09820034D7C5 /* Main.storyboard */ = {
			isa = PBXVariantGroup;
			children = (
				496BCB171C6D09820034D7C5 /* Base */,
			);
			name = Main.storyboard;
			sourceTree = "<group>";
		};
		496BCB1B1C6D09820034D7C5 /* LaunchScreen.storyboard */ = {
			isa = PBXVariantGroup;
			children = (
				496BCB1C1C6D09820034D7C5 /* Base */,
			);
			name = LaunchScreen.storyboard;
			sourceTree = "<group>";
		};
/* End PBXVariantGroup section */

/* Begin XCBuildConfiguration section */
		496BCB1F1C6D09820034D7C5 /* Debug */ = {
			isa = XCBuildConfiguration;
			buildSettings = {
				ALWAYS_SEARCH_USER_PATHS = NO;
				CLANG_CXX_LANGUAGE_STANDARD = "gnu++0x";
				CLANG_CXX_LIBRARY = "libc++";
				CLANG_ENABLE_MODULES = YES;
				CLANG_ENABLE_OBJC_ARC = YES;
				CLANG_WARN_BOOL_CONVERSION = YES;
				CLANG_WARN_CONSTANT_CONVERSION = YES;
				CLANG_WARN_DIRECT_OBJC_ISA_USAGE = YES_ERROR;
				CLANG_WARN_EMPTY_BODY = YES;
				CLANG_WARN_ENUM_CONVERSION = YES;
				CLANG_WARN_INT_CONVERSION = YES;
				CLANG_WARN_OBJC_ROOT_CLASS = YES_ERROR;
				CLANG_WARN_UNREACHABLE_CODE = YES;
				CLANG_WARN__DUPLICATE_METHOD_MATCH = YES;
				"CODE_SIGN_IDENTITY[sdk=iphoneos*]" = "iPhone Developer";
				COPY_PHASE_STRIP = NO;
				DEBUG_INFORMATION_FORMAT = dwarf;
				ENABLE_STRICT_OBJC_MSGSEND = YES;
				ENABLE_TESTABILITY = YES;
				GCC_C_LANGUAGE_STANDARD = gnu99;
				GCC_DYNAMIC_NO_PIC = NO;
				GCC_NO_COMMON_BLOCKS = YES;
				GCC_OPTIMIZATION_LEVEL = 0;
				GCC_PREPROCESSOR_DEFINITIONS = (
					"DEBUG=1",
					"$(inherited)",
				);
				GCC_WARN_64_TO_32_BIT_CONVERSION = YES;
				GCC_WARN_ABOUT_RETURN_TYPE = YES_ERROR;
				GCC_WARN_UNDECLARED_SELECTOR = YES;
				GCC_WARN_UNINITIALIZED_AUTOS = YES_AGGRESSIVE;
				GCC_WARN_UNUSED_FUNCTION = YES;
				GCC_WARN_UNUSED_VARIABLE = YES;
				IPHONEOS_DEPLOYMENT_TARGET = 9.2;
				MTL_ENABLE_DEBUG_INFO = YES;
				ONLY_ACTIVE_ARCH = YES;
				SDKROOT = iphoneos;
				SWIFT_OPTIMIZATION_LEVEL = "-Onone";
			};
			name = Debug;
		};
		496BCB201C6D09820034D7C5 /* Release */ = {
			isa = XCBuildConfiguration;
			buildSettings = {
				ALWAYS_SEARCH_USER_PATHS = NO;
				CLANG_CXX_LANGUAGE_STANDARD = "gnu++0x";
				CLANG_CXX_LIBRARY = "libc++";
				CLANG_ENABLE_MODULES = YES;
				CLANG_ENABLE_OBJC_ARC = YES;
				CLANG_WARN_BOOL_CONVERSION = YES;
				CLANG_WARN_CONSTANT_CONVERSION = YES;
				CLANG_WARN_DIRECT_OBJC_ISA_USAGE = YES_ERROR;
				CLANG_WARN_EMPTY_BODY = YES;
				CLANG_WARN_ENUM_CONVERSION = YES;
				CLANG_WARN_INT_CONVERSION = YES;
				CLANG_WARN_OBJC_ROOT_CLASS = YES_ERROR;
				CLANG_WARN_UNREACHABLE_CODE = YES;
				CLANG_WARN__DUPLICATE_METHOD_MATCH = YES;
				"CODE_SIGN_IDENTITY[sdk=iphoneos*]" = "iPhone Developer";
				COPY_PHASE_STRIP = NO;
				DEBUG_INFORMATION_FORMAT = "dwarf-with-dsym";
				ENABLE_NS_ASSERTIONS = NO;
				ENABLE_STRICT_OBJC_MSGSEND = YES;
				GCC_C_LANGUAGE_STANDARD = gnu99;
				GCC_NO_COMMON_BLOCKS = YES;
				GCC_WARN_64_TO_32_BIT_CONVERSION = YES;
				GCC_WARN_ABOUT_RETURN_TYPE = YES_ERROR;
				GCC_WARN_UNDECLARED_SELECTOR = YES;
				GCC_WARN_UNINITIALIZED_AUTOS = YES_AGGRESSIVE;
				GCC_WARN_UNUSED_FUNCTION = YES;
				GCC_WARN_UNUSED_VARIABLE = YES;
				IPHONEOS_DEPLOYMENT_TARGET = 9.2;
				MTL_ENABLE_DEBUG_INFO = NO;
				SDKROOT = iphoneos;
				VALIDATE_PRODUCT = YES;
			};
			name = Release;
		};
		496BCB221C6D09820034D7C5 /* Debug */ = {
			isa = XCBuildConfiguration;
			buildSettings = {
				ASSETCATALOG_COMPILER_APPICON_NAME = AppIcon;
				CODE_SIGN_ENTITLEMENTS = AverageBPM/AverageBPM.entitlements;
				CODE_SIGN_IDENTITY = "iPhone Developer";
				"CODE_SIGN_IDENTITY[sdk=iphoneos*]" = "iPhone Developer";
				INFOPLIST_FILE = AverageBPM/Info.plist;
				LD_RUNPATH_SEARCH_PATHS = "$(inherited) @executable_path/Frameworks";
				PRODUCT_BUNDLE_IDENTIFIER = nl.basbroek.AverageBPM;
				PRODUCT_NAME = "$(TARGET_NAME)";
				PROVISIONING_PROFILE = "";
			};
			name = Debug;
		};
		496BCB231C6D09820034D7C5 /* Release */ = {
			isa = XCBuildConfiguration;
			buildSettings = {
				ASSETCATALOG_COMPILER_APPICON_NAME = AppIcon;
				CODE_SIGN_ENTITLEMENTS = AverageBPM/AverageBPM.entitlements;
				CODE_SIGN_IDENTITY = "iPhone Developer";
				"CODE_SIGN_IDENTITY[sdk=iphoneos*]" = "iPhone Developer";
				INFOPLIST_FILE = AverageBPM/Info.plist;
				LD_RUNPATH_SEARCH_PATHS = "$(inherited) @executable_path/Frameworks";
				PRODUCT_BUNDLE_IDENTIFIER = nl.basbroek.AverageBPM;
				PRODUCT_NAME = "$(TARGET_NAME)";
				PROVISIONING_PROFILE = "";
			};
			name = Release;
		};
/* End XCBuildConfiguration section */

/* Begin XCConfigurationList section */
		496BCB0A1C6D09820034D7C5 /* Build configuration list for PBXProject "AverageBPM" */ = {
			isa = XCConfigurationList;
			buildConfigurations = (
				496BCB1F1C6D09820034D7C5 /* Debug */,
				496BCB201C6D09820034D7C5 /* Release */,
			);
			defaultConfigurationIsVisible = 0;
			defaultConfigurationName = Release;
		};
		496BCB211C6D09820034D7C5 /* Build configuration list for PBXNativeTarget "AverageBPM" */ = {
			isa = XCConfigurationList;
			buildConfigurations = (
				496BCB221C6D09820034D7C5 /* Debug */,
				496BCB231C6D09820034D7C5 /* Release */,
			);
			defaultConfigurationIsVisible = 0;
			defaultConfigurationName = Release;
		};
/* End XCConfigurationList section */
	};
	rootObject = 496BCB071C6D09820034D7C5 /* Project object */;
}
